
Microsoft Visual Studio Solution File, Format Version 12.00
# Visual Studio Version 17
VisualStudioVersion = 17.8.34511.84
MinimumVisualStudioVersion = 10.0.40219.1
Project("{9A19103F-16F7-4668-BE54-9A1E7A4F7556}") = "LaboratoryExperiments.Web", "LaboratoryExperiments.Web\LaboratoryExperiments.Web.csproj", "{58EFBFDD-DE59-4844-83EB-6D3E57753247}"
EndProject
Project("{FAE04EC0-301F-11D3-BF4B-00C04F79EFBC}") = "WinFormsApp2", "WinFormsApp2\WinFormsApp2.csproj", "{428C0ABA-439C-4E20-8B9C-FF28EF80F8B7}"
EndProject
Global
	GlobalSection(SolutionConfigurationPlatforms) = preSolution
		Debug|Any CPU = Debug|Any CPU
		Release|Any CPU = Release|Any CPU
	EndGlobalSection
	GlobalSection(ProjectConfigurationPlatforms) = postSolution
		{58EFBFDD-DE59-4844-83EB-6D3E57753247}.Debug|Any CPU.ActiveCfg = Debug|Any CPU
		{58EFBFDD-DE59-4844-83EB-6D3E57753247}.Debug|Any CPU.Build.0 = Debug|Any CPU
		{58EFBFDD-DE59-4844-83EB-6D3E57753247}.Release|Any CPU.ActiveCfg = Release|Any CPU
		{58EFBFDD-DE59-4844-83EB-6D3E57753247}.Release|Any CPU.Build.0 = Release|Any CPU
		{428C0ABA-439C-4E20-8B9C-FF28EF80F8B7}.Debug|Any CPU.ActiveCfg = Debug|Any CPU
		{428C0ABA-439C-4E20-8B9C-FF28EF80F8B7}.Debug|Any CPU.Build.0 = Debug|Any CPU
		{428C0ABA-439C-4E20-8B9C-FF28EF80F8B7}.Release|Any CPU.ActiveCfg = Release|Any CPU
		{428C0ABA-439C-4E20-8B9C-FF28EF80F8B7}.Release|Any CPU.Build.0 = Release|Any CPU
	EndGlobalSection
	GlobalSection(SolutionProperties) = preSolution
		HideSolutionNode = FALSE
	EndGlobalSection
	GlobalSection(ExtensibilityGlobals) = postSolution
		SolutionGuid = {A92A5B5A-5580-47DE-928F-1F4EEE7F9FC8}
	EndGlobalSection
EndGlobal
